
Microsoft Visual Studio Solution File, Format Version 12.00
# Visual Studio Version 17
VisualStudioVersion = 17.3.32825.248
MinimumVisualStudioVersion = 10.0.40219.1
Project("{9A19103F-16F7-4668-BE54-9A1E7A4F7556}") = "BankUsingControllers", "BankUsingControllers\BankUsingControllers.csproj", "{973AEB7D-63F4-45F0-A66F-2BA632D92366}"
EndProject
Global
	GlobalSection(SolutionConfigurationPlatforms) = preSolution
		Debug|Any CPU = Debug|Any CPU
		Release|Any CPU = Release|Any CPU
	EndGlobalSection
	GlobalSection(ProjectConfigurationPlatforms) = postSolution
		{973AEB7D-63F4-45F0-A66F-2BA632D92366}.Debug|Any CPU.ActiveCfg = Debug|Any CPU
		{973AEB7D-63F4-45F0-A66F-2BA632D92366}.Debug|Any CPU.Build.0 = Debug|Any CPU
		{973AEB7D-63F4-45F0-A66F-2BA632D92366}.Release|Any CPU.ActiveCfg = Release|Any CPU
		{973AEB7D-63F4-45F0-A66F-2BA632D92366}.Release|Any CPU.Build.0 = Release|Any CPU
	EndGlobalSection
	GlobalSection(SolutionProperties) = preSolution
		HideSolutionNode = FALSE
	EndGlobalSection
	GlobalSection(ExtensibilityGlobals) = postSolution
		SolutionGuid = {1A867C4B-2DE3-4463-9D36-8D3E7F91532B}
	EndGlobalSection
EndGlobal
